// !$*UTF8*$!
{
	archiveVersion = 1;
	classes = {
	};
	objectVersion = 56;
	objects = {

/* Begin PBXBuildFile section */
		7E6B517729F1003A008685BB /* ViewModel.swift in Sources */ = {isa = PBXBuildFile; fileRef = 7E6B517629F1003A008685BB /* ViewModel.swift */; };
		7E9B4DC929E6C8690004A664 /* FlexChatBox Demo-Info.plist in Resources */ = {isa = PBXBuildFile; fileRef = 7E9B4DC829E6C8690004A664 /* FlexChatBox Demo-Info.plist */; };
		7E9B4DCE29E6C9660004A664 /* FlexChatBox in Frameworks */ = {isa = PBXBuildFile; productRef = 7E9B4DCD29E6C9660004A664 /* FlexChatBox */; };
		DB3FF6FF29D2FB93008F5838 /* FlexChatBox Demo App.swift in Sources */ = {isa = PBXBuildFile; fileRef = DB3FF6FE29D2FB93008F5838 /* FlexChatBox Demo App.swift */; };
		DB3FF70329D2FB95008F5838 /* Assets.xcassets in Resources */ = {isa = PBXBuildFile; fileRef = DB3FF70229D2FB95008F5838 /* Assets.xcassets */; };
		DB3FF70629D2FB95008F5838 /* Preview Assets.xcassets in Resources */ = {isa = PBXBuildFile; fileRef = DB3FF70529D2FB95008F5838 /* Preview Assets.xcassets */; };
		DB3FF71129D2FBD1008F5838 /* ContentView.swift in Sources */ = {isa = PBXBuildFile; fileRef = DB3FF70C29D2FBD0008F5838 /* ContentView.swift */; };
		DB3FF71229D2FBD1008F5838 /* AudioPlayer.swift in Sources */ = {isa = PBXBuildFile; fileRef = DB3FF70D29D2FBD0008F5838 /* AudioPlayer.swift */; };
		DB3FF71329D2FBD1008F5838 /* Extension.swift in Sources */ = {isa = PBXBuildFile; fileRef = DB3FF70E29D2FBD0008F5838 /* Extension.swift */; };
		DB3FF71429D2FBD1008F5838 /* DemoHelper.swift in Sources */ = {isa = PBXBuildFile; fileRef = DB3FF70F29D2FBD1008F5838 /* DemoHelper.swift */; };
		DB3FF71529D2FBD1008F5838 /* AudioView.swift in Sources */ = {isa = PBXBuildFile; fileRef = DB3FF71029D2FBD1008F5838 /* AudioView.swift */; };
		EDDAD7E12A14CCF7009299CE /* EntityStoreModel.swift in Sources */ = {isa = PBXBuildFile; fileRef = EDDAD7E02A14CCF7009299CE /* EntityStoreModel.swift */; };
		EDDAD7E32A14D3F3009299CE /* ContentViewV2.swift in Sources */ = {isa = PBXBuildFile; fileRef = EDDAD7E22A14D3F3009299CE /* ContentViewV2.swift */; };
		EDDAD7E62A14E181009299CE /* CustomView.swift in Sources */ = {isa = PBXBuildFile; fileRef = EDDAD7E52A14E181009299CE /* CustomView.swift */; };
/* End PBXBuildFile section */

/* Begin PBXFileReference section */
		7E6B517629F1003A008685BB /* ViewModel.swift */ = {isa = PBXFileReference; lastKnownFileType = sourcecode.swift; path = ViewModel.swift; sourceTree = "<group>"; };
		7E9B4DC829E6C8690004A664 /* FlexChatBox Demo-Info.plist */ = {isa = PBXFileReference; lastKnownFileType = text.plist; path = "FlexChatBox Demo-Info.plist"; sourceTree = SOURCE_ROOT; };
		7E9B4DCB29E6C8F10004A664 /* FlexChatBox-iOS */ = {isa = PBXFileReference; lastKnownFileType = wrapper; name = "FlexChatBox-iOS"; path = ..; sourceTree = "<group>"; };
		DB3FF6FB29D2FB93008F5838 /* FlexChatBox Demo.app */ = {isa = PBXFileReference; explicitFileType = wrapper.application; includeInIndex = 0; path = "FlexChatBox Demo.app"; sourceTree = BUILT_PRODUCTS_DIR; };
		DB3FF6FE29D2FB93008F5838 /* FlexChatBox Demo App.swift */ = {isa = PBXFileReference; lastKnownFileType = sourcecode.swift; path = "FlexChatBox Demo App.swift"; sourceTree = "<group>"; };
		DB3FF70229D2FB95008F5838 /* Assets.xcassets */ = {isa = PBXFileReference; lastKnownFileType = folder.assetcatalog; path = Assets.xcassets; sourceTree = "<group>"; };
		DB3FF70529D2FB95008F5838 /* Preview Assets.xcassets */ = {isa = PBXFileReference; lastKnownFileType = folder.assetcatalog; path = "Preview Assets.xcassets"; sourceTree = "<group>"; };
		DB3FF70C29D2FBD0008F5838 /* ContentView.swift */ = {isa = PBXFileReference; fileEncoding = 4; lastKnownFileType = sourcecode.swift; path = ContentView.swift; sourceTree = "<group>"; };
		DB3FF70D29D2FBD0008F5838 /* AudioPlayer.swift */ = {isa = PBXFileReference; fileEncoding = 4; lastKnownFileType = sourcecode.swift; path = AudioPlayer.swift; sourceTree = "<group>"; };
		DB3FF70E29D2FBD0008F5838 /* Extension.swift */ = {isa = PBXFileReference; fileEncoding = 4; lastKnownFileType = sourcecode.swift; path = Extension.swift; sourceTree = "<group>"; };
		DB3FF70F29D2FBD1008F5838 /* DemoHelper.swift */ = {isa = PBXFileReference; fileEncoding = 4; lastKnownFileType = sourcecode.swift; path = DemoHelper.swift; sourceTree = "<group>"; };
		DB3FF71029D2FBD1008F5838 /* AudioView.swift */ = {isa = PBXFileReference; fileEncoding = 4; lastKnownFileType = sourcecode.swift; path = AudioView.swift; sourceTree = "<group>"; };
		EDDAD7E02A14CCF7009299CE /* EntityStoreModel.swift */ = {isa = PBXFileReference; lastKnownFileType = sourcecode.swift; path = EntityStoreModel.swift; sourceTree = "<group>"; };
		EDDAD7E22A14D3F3009299CE /* ContentViewV2.swift */ = {isa = PBXFileReference; lastKnownFileType = sourcecode.swift; path = ContentViewV2.swift; sourceTree = "<group>"; };
		EDDAD7E52A14E181009299CE /* CustomView.swift */ = {isa = PBXFileReference; lastKnownFileType = sourcecode.swift; path = CustomView.swift; sourceTree = "<group>"; };
/* End PBXFileReference section */

/* Begin PBXFrameworksBuildPhase section */
		DB3FF6F829D2FB93008F5838 /* Frameworks */ = {
			isa = PBXFrameworksBuildPhase;
			buildActionMask = 2147483647;
			files = (
				7E9B4DCE29E6C9660004A664 /* FlexChatBox in Frameworks */,
			);
			runOnlyForDeploymentPostprocessing = 0;
		};
/* End PBXFrameworksBuildPhase section */

/* Begin PBXGroup section */
		7E9B4DCA29E6C8F10004A664 /* Packages */ = {
			isa = PBXGroup;
			children = (
				7E9B4DCB29E6C8F10004A664 /* FlexChatBox-iOS */,
			);
			name = Packages;
			sourceTree = "<group>";
		};
		7E9B4DCC29E6C9660004A664 /* Frameworks */ = {
			isa = PBXGroup;
			children = (
			);
			name = Frameworks;
			sourceTree = "<group>";
		};
		DB3FF6F229D2FB93008F5838 = {
			isa = PBXGroup;
			children = (
				7E9B4DCA29E6C8F10004A664 /* Packages */,
				7E9B4DC829E6C8690004A664 /* FlexChatBox Demo-Info.plist */,
				DB3FF6FD29D2FB93008F5838 /* FlexChatBox Demo */,
				DB3FF6FC29D2FB93008F5838 /* Products */,
				7E9B4DCC29E6C9660004A664 /* Frameworks */,
			);
			sourceTree = "<group>";
		};
		DB3FF6FC29D2FB93008F5838 /* Products */ = {
			isa = PBXGroup;
			children = (
				DB3FF6FB29D2FB93008F5838 /* FlexChatBox Demo.app */,
			);
			name = Products;
			sourceTree = "<group>";
		};
		DB3FF6FD29D2FB93008F5838 /* FlexChatBox Demo */ = {
			isa = PBXGroup;
			children = (
				EDDAD7E42A14D421009299CE /* v2 */,
				DB3FF6FE29D2FB93008F5838 /* FlexChatBox Demo App.swift */,
				DB3FF70D29D2FBD0008F5838 /* AudioPlayer.swift */,
				DB3FF71029D2FBD1008F5838 /* AudioView.swift */,
				DB3FF70F29D2FBD1008F5838 /* DemoHelper.swift */,
				DB3FF70E29D2FBD0008F5838 /* Extension.swift */,
				DB3FF70C29D2FBD0008F5838 /* ContentView.swift */,
				7E6B517629F1003A008685BB /* ViewModel.swift */,
				DB3FF70229D2FB95008F5838 /* Assets.xcassets */,
				DB3FF70429D2FB95008F5838 /* Preview Content */,
			);
			path = "FlexChatBox Demo";
			sourceTree = "<group>";
		};
		DB3FF70429D2FB95008F5838 /* Preview Content */ = {
			isa = PBXGroup;
			children = (
				DB3FF70529D2FB95008F5838 /* Preview Assets.xcassets */,
			);
			path = "Preview Content";
			sourceTree = "<group>";
		};
		EDDAD7E42A14D421009299CE /* v2 */ = {
			isa = PBXGroup;
			children = (
				EDDAD7E22A14D3F3009299CE /* ContentViewV2.swift */,
				EDDAD7E02A14CCF7009299CE /* EntityStoreModel.swift */,
				EDDAD7E52A14E181009299CE /* CustomView.swift */,
			);
			path = v2;
			sourceTree = "<group>";
		};
/* End PBXGroup section */

/* Begin PBXNativeTarget section */
		DB3FF6FA29D2FB93008F5838 /* FlexChatBox Demo */ = {
			isa = PBXNativeTarget;
			buildConfigurationList = DB3FF70929D2FB95008F5838 /* Build configuration list for PBXNativeTarget "FlexChatBox Demo" */;
			buildPhases = (
				DB3FF6F729D2FB93008F5838 /* Sources */,
				DB3FF6F829D2FB93008F5838 /* Frameworks */,
				DB3FF6F929D2FB93008F5838 /* Resources */,
			);
			buildRules = (
			);
			dependencies = (
			);
			name = "FlexChatBox Demo";
			packageProductDependencies = (
				7E9B4DCD29E6C9660004A664 /* FlexChatBox */,
			);
			productName = FCB_DemoApp;
			productReference = DB3FF6FB29D2FB93008F5838 /* FlexChatBox Demo.app */;
			productType = "com.apple.product-type.application";
		};
/* End PBXNativeTarget section */

/* Begin PBXProject section */
		DB3FF6F329D2FB93008F5838 /* Project object */ = {
			isa = PBXProject;
			attributes = {
				BuildIndependentTargetsInParallel = 1;
				LastSwiftUpdateCheck = 1420;
				LastUpgradeCheck = 1420;
				TargetAttributes = {
					DB3FF6FA29D2FB93008F5838 = {
						CreatedOnToolsVersion = 14.2;
					};
				};
			};
			buildConfigurationList = DB3FF6F629D2FB93008F5838 /* Build configuration list for PBXProject "FlexChatBox Demo" */;
			compatibilityVersion = "Xcode 14.0";
			developmentRegion = en;
			hasScannedForEncodings = 0;
			knownRegions = (
				en,
				Base,
			);
			mainGroup = DB3FF6F229D2FB93008F5838;
			packageReferences = (
			);
			productRefGroup = DB3FF6FC29D2FB93008F5838 /* Products */;
			projectDirPath = "";
			projectRoot = "";
			targets = (
				DB3FF6FA29D2FB93008F5838 /* FlexChatBox Demo */,
			);
		};
/* End PBXProject section */

/* Begin PBXResourcesBuildPhase section */
		DB3FF6F929D2FB93008F5838 /* Resources */ = {
			isa = PBXResourcesBuildPhase;
			buildActionMask = 2147483647;
			files = (
				DB3FF70629D2FB95008F5838 /* Preview Assets.xcassets in Resources */,
				7E9B4DC929E6C8690004A664 /* FlexChatBox Demo-Info.plist in Resources */,
				DB3FF70329D2FB95008F5838 /* Assets.xcassets in Resources */,
			);
			runOnlyForDeploymentPostprocessing = 0;
		};
/* End PBXResourcesBuildPhase section */

/* Begin PBXSourcesBuildPhase section */
		DB3FF6F729D2FB93008F5838 /* Sources */ = {
			isa = PBXSourcesBuildPhase;
			buildActionMask = 2147483647;
			files = (
				DB3FF6FF29D2FB93008F5838 /* FlexChatBox Demo App.swift in Sources */,
				DB3FF71529D2FBD1008F5838 /* AudioView.swift in Sources */,
				DB3FF71129D2FBD1008F5838 /* ContentView.swift in Sources */,
				EDDAD7E32A14D3F3009299CE /* ContentViewV2.swift in Sources */,
				DB3FF71229D2FBD1008F5838 /* AudioPlayer.swift in Sources */,
				EDDAD7E62A14E181009299CE /* CustomView.swift in Sources */,
				EDDAD7E12A14CCF7009299CE /* EntityStoreModel.swift in Sources */,
				DB3FF71429D2FBD1008F5838 /* DemoHelper.swift in Sources */,
				DB3FF71329D2FBD1008F5838 /* Extension.swift in Sources */,
				7E6B517729F1003A008685BB /* ViewModel.swift in Sources */,
			);
			runOnlyForDeploymentPostprocessing = 0;
		};
/* End PBXSourcesBuildPhase section */

/* Begin XCBuildConfiguration section */
		DB3FF70729D2FB95008F5838 /* Debug */ = {
			isa = XCBuildConfiguration;
			buildSettings = {
				ALWAYS_SEARCH_USER_PATHS = NO;
				CLANG_ANALYZER_NONNULL = YES;
				CLANG_ANALYZER_NUMBER_OBJECT_CONVERSION = YES_AGGRESSIVE;
				CLANG_CXX_LANGUAGE_STANDARD = "gnu++20";
				CLANG_ENABLE_MODULES = YES;
				CLANG_ENABLE_OBJC_ARC = YES;
				CLANG_ENABLE_OBJC_WEAK = YES;
				CLANG_WARN_BLOCK_CAPTURE_AUTORELEASING = YES;
				CLANG_WARN_BOOL_CONVERSION = YES;
				CLANG_WARN_COMMA = YES;
				CLANG_WARN_CONSTANT_CONVERSION = YES;
				CLANG_WARN_DEPRECATED_OBJC_IMPLEMENTATIONS = YES;
				CLANG_WARN_DIRECT_OBJC_ISA_USAGE = YES_ERROR;
				CLANG_WARN_DOCUMENTATION_COMMENTS = YES;
				CLANG_WARN_EMPTY_BODY = YES;
				CLANG_WARN_ENUM_CONVERSION = YES;
				CLANG_WARN_INFINITE_RECURSION = YES;
				CLANG_WARN_INT_CONVERSION = YES;
				CLANG_WARN_NON_LITERAL_NULL_CONVERSION = YES;
				CLANG_WARN_OBJC_IMPLICIT_RETAIN_SELF = YES;
				CLANG_WARN_OBJC_LITERAL_CONVERSION = YES;
				CLANG_WARN_OBJC_ROOT_CLASS = YES_ERROR;
				CLANG_WARN_QUOTED_INCLUDE_IN_FRAMEWORK_HEADER = YES;
				CLANG_WARN_RANGE_LOOP_ANALYSIS = YES;
				CLANG_WARN_STRICT_PROTOTYPES = YES;
				CLANG_WARN_SUSPICIOUS_MOVE = YES;
				CLANG_WARN_UNGUARDED_AVAILABILITY = YES_AGGRESSIVE;
				CLANG_WARN_UNREACHABLE_CODE = YES;
				CLANG_WARN__DUPLICATE_METHOD_MATCH = YES;
				COPY_PHASE_STRIP = NO;
				DEBUG_INFORMATION_FORMAT = dwarf;
				ENABLE_STRICT_OBJC_MSGSEND = YES;
				ENABLE_TESTABILITY = YES;
				GCC_C_LANGUAGE_STANDARD = gnu11;
				GCC_DYNAMIC_NO_PIC = NO;
				GCC_NO_COMMON_BLOCKS = YES;
				GCC_OPTIMIZATION_LEVEL = 0;
				GCC_PREPROCESSOR_DEFINITIONS = (
					"DEBUG=1",
					"$(inherited)",
				);
				GCC_WARN_64_TO_32_BIT_CONVERSION = YES;
				GCC_WARN_ABOUT_RETURN_TYPE = YES_ERROR;
				GCC_WARN_UNDECLARED_SELECTOR = YES;
				GCC_WARN_UNINITIALIZED_AUTOS = YES_AGGRESSIVE;
				GCC_WARN_UNUSED_FUNCTION = YES;
				GCC_WARN_UNUSED_VARIABLE = YES;
				IPHONEOS_DEPLOYMENT_TARGET = 16.2;
				MTL_ENABLE_DEBUG_INFO = INCLUDE_SOURCE;
				MTL_FAST_MATH = YES;
				ONLY_ACTIVE_ARCH = YES;
				SDKROOT = iphoneos;
				SWIFT_ACTIVE_COMPILATION_CONDITIONS = DEBUG;
				SWIFT_OPTIMIZATION_LEVEL = "-Onone";
			};
			name = Debug;
		};
		DB3FF70829D2FB95008F5838 /* Release */ = {
			isa = XCBuildConfiguration;
			buildSettings = {
				ALWAYS_SEARCH_USER_PATHS = NO;
				CLANG_ANALYZER_NONNULL = YES;
				CLANG_ANALYZER_NUMBER_OBJECT_CONVERSION = YES_AGGRESSIVE;
				CLANG_CXX_LANGUAGE_STANDARD = "gnu++20";
				CLANG_ENABLE_MODULES = YES;
				CLANG_ENABLE_OBJC_ARC = YES;
				CLANG_ENABLE_OBJC_WEAK = YES;
				CLANG_WARN_BLOCK_CAPTURE_AUTORELEASING = YES;
				CLANG_WARN_BOOL_CONVERSION = YES;
				CLANG_WARN_COMMA = YES;
				CLANG_WARN_CONSTANT_CONVERSION = YES;
				CLANG_WARN_DEPRECATED_OBJC_IMPLEMENTATIONS = YES;
				CLANG_WARN_DIRECT_OBJC_ISA_USAGE = YES_ERROR;
				CLANG_WARN_DOCUMENTATION_COMMENTS = YES;
				CLANG_WARN_EMPTY_BODY = YES;
				CLANG_WARN_ENUM_CONVERSION = YES;
				CLANG_WARN_INFINITE_RECURSION = YES;
				CLANG_WARN_INT_CONVERSION = YES;
				CLANG_WARN_NON_LITERAL_NULL_CONVERSION = YES;
				CLANG_WARN_OBJC_IMPLICIT_RETAIN_SELF = YES;
				CLANG_WARN_OBJC_LITERAL_CONVERSION = YES;
				CLANG_WARN_OBJC_ROOT_CLASS = YES_ERROR;
				CLANG_WARN_QUOTED_INCLUDE_IN_FRAMEWORK_HEADER = YES;
				CLANG_WARN_RANGE_LOOP_ANALYSIS = YES;
				CLANG_WARN_STRICT_PROTOTYPES = YES;
				CLANG_WARN_SUSPICIOUS_MOVE = YES;
				CLANG_WARN_UNGUARDED_AVAILABILITY = YES_AGGRESSIVE;
				CLANG_WARN_UNREACHABLE_CODE = YES;
				CLANG_WARN__DUPLICATE_METHOD_MATCH = YES;
				COPY_PHASE_STRIP = NO;
				DEBUG_INFORMATION_FORMAT = "dwarf-with-dsym";
				ENABLE_NS_ASSERTIONS = NO;
				ENABLE_STRICT_OBJC_MSGSEND = YES;
				GCC_C_LANGUAGE_STANDARD = gnu11;
				GCC_NO_COMMON_BLOCKS = YES;
				GCC_WARN_64_TO_32_BIT_CONVERSION = YES;
				GCC_WARN_ABOUT_RETURN_TYPE = YES_ERROR;
				GCC_WARN_UNDECLARED_SELECTOR = YES;
				GCC_WARN_UNINITIALIZED_AUTOS = YES_AGGRESSIVE;
				GCC_WARN_UNUSED_FUNCTION = YES;
				GCC_WARN_UNUSED_VARIABLE = YES;
				IPHONEOS_DEPLOYMENT_TARGET = 16.2;
				MTL_ENABLE_DEBUG_INFO = NO;
				MTL_FAST_MATH = YES;
				SDKROOT = iphoneos;
				SWIFT_COMPILATION_MODE = wholemodule;
				SWIFT_OPTIMIZATION_LEVEL = "-O";
				VALIDATE_PRODUCT = YES;
			};
			name = Release;
		};
		DB3FF70A29D2FB95008F5838 /* Debug */ = {
			isa = XCBuildConfiguration;
			buildSettings = {
				ASSETCATALOG_COMPILER_APPICON_NAME = AppIcon;
				ASSETCATALOG_COMPILER_GLOBAL_ACCENT_COLOR_NAME = AccentColor;
				CODE_SIGN_STYLE = Automatic;
				CURRENT_PROJECT_VERSION = 1;
				DEVELOPMENT_ASSET_PATHS = "\"FlexChatBox Demo/Preview Content\"";
				DEVELOPMENT_TEAM = X37K3475E9;
				ENABLE_PREVIEWS = YES;
				GENERATE_INFOPLIST_FILE = YES;
				INFOPLIST_FILE = "FlexChatBox Demo-Info.plist";
				INFOPLIST_KEY_NSCameraUsageDescription = "This app requires access to your Camera to capture images and videoes.";
				INFOPLIST_KEY_NSContactsUsageDescription = "This app requires access to your Phonebook to access your contacts.";
				INFOPLIST_KEY_NSLocationAlwaysAndWhenInUseUsageDescription = "This app requires access to your Location to detect your current location.";
				INFOPLIST_KEY_NSLocationWhenInUseUsageDescription = "This app requires access to your Location to detect your current Location.";
				INFOPLIST_KEY_NSMicrophoneUsageDescription = "This app requires access to your Microphone to record your voice memo.";
				INFOPLIST_KEY_UIApplicationSupportsIndirectInputEvents = YES;
				INFOPLIST_KEY_UILaunchScreen_Generation = YES;
				INFOPLIST_KEY_UISupportedInterfaceOrientations_iPad = "UIInterfaceOrientationPortrait UIInterfaceOrientationPortraitUpsideDown UIInterfaceOrientationLandscapeLeft UIInterfaceOrientationLandscapeRight";
				INFOPLIST_KEY_UISupportedInterfaceOrientations_iPhone = "UIInterfaceOrientationPortrait UIInterfaceOrientationLandscapeLeft UIInterfaceOrientationLandscapeRight";
				LD_RUNPATH_SEARCH_PATHS = (
					"$(inherited)",
					"@executable_path/Frameworks",
				);
				MARKETING_VERSION = 1.0;
				PRODUCT_BUNDLE_IDENTIFIER = "com.tilicho.FlexChatBox-Sample";
				PRODUCT_NAME = "FlexChatBox Demo";
				SWIFT_EMIT_LOC_STRINGS = YES;
				SWIFT_VERSION = 5.0;
				TARGETED_DEVICE_FAMILY = "1,2";
			};
			name = Debug;
		};
		DB3FF70B29D2FB95008F5838 /* Release */ = {
			isa = XCBuildConfiguration;
			buildSettings = {
				ASSETCATALOG_COMPILER_APPICON_NAME = AppIcon;
				ASSETCATALOG_COMPILER_GLOBAL_ACCENT_COLOR_NAME = AccentColor;
				CODE_SIGN_STYLE = Automatic;
				CURRENT_PROJECT_VERSION = 1;
				DEVELOPMENT_ASSET_PATHS = "\"FlexChatBox Demo/Preview Content\"";
				DEVELOPMENT_TEAM = X37K3475E9;
				ENABLE_PREVIEWS = YES;
				GENERATE_INFOPLIST_FILE = YES;
				INFOPLIST_FILE = "FlexChatBox Demo-Info.plist";
				INFOPLIST_KEY_NSCameraUsageDescription = "This app requires access to your Camera to capture images and videoes.";
				INFOPLIST_KEY_NSContactsUsageDescription = "This app requires access to your Phonebook to access your contacts.";
				INFOPLIST_KEY_NSLocationAlwaysAndWhenInUseUsageDescription = "This app requires access to your Location to detect your current location.";
				INFOPLIST_KEY_NSLocationWhenInUseUsageDescription = "This app requires access to your Location to detect your current Location.";
				INFOPLIST_KEY_NSMicrophoneUsageDescription = "This app requires access to your Microphone to record your voice memo.";
				INFOPLIST_KEY_UIApplicationSupportsIndirectInputEvents = YES;
				INFOPLIST_KEY_UILaunchScreen_Generation = YES;
				INFOPLIST_KEY_UISupportedInterfaceOrientations_iPad = "UIInterfaceOrientationPortrait UIInterfaceOrientationPortraitUpsideDown UIInterfaceOrientationLandscapeLeft UIInterfaceOrientationLandscapeRight";
				INFOPLIST_KEY_UISupportedInterfaceOrientations_iPhone = "UIInterfaceOrientationPortrait UIInterfaceOrientationLandscapeLeft UIInterfaceOrientationLandscapeRight";
				LD_RUNPATH_SEARCH_PATHS = (
					"$(inherited)",
					"@executable_path/Frameworks",
				);
				MARKETING_VERSION = 1.0;
				PRODUCT_BUNDLE_IDENTIFIER = "com.tilicho.FlexChatBox-Sample";
				PRODUCT_NAME = "FlexChatBox Demo";
				SWIFT_EMIT_LOC_STRINGS = YES;
				SWIFT_VERSION = 5.0;
				TARGETED_DEVICE_FAMILY = "1,2";
			};
			name = Release;
		};
/* End XCBuildConfiguration section */

/* Begin XCConfigurationList section */
		DB3FF6F629D2FB93008F5838 /* Build configuration list for PBXProject "FlexChatBox Demo" */ = {
			isa = XCConfigurationList;
			buildConfigurations = (
				DB3FF70729D2FB95008F5838 /* Debug */,
				DB3FF70829D2FB95008F5838 /* Release */,
			);
			defaultConfigurationIsVisible = 0;
			defaultConfigurationName = Release;
		};
		DB3FF70929D2FB95008F5838 /* Build configuration list for PBXNativeTarget "FlexChatBox Demo" */ = {
			isa = XCConfigurationList;
			buildConfigurations = (
				DB3FF70A29D2FB95008F5838 /* Debug */,
				DB3FF70B29D2FB95008F5838 /* Release */,
			);
			defaultConfigurationIsVisible = 0;
			defaultConfigurationName = Release;
		};
/* End XCConfigurationList section */

/* Begin XCSwiftPackageProductDependency section */
		7E9B4DCD29E6C9660004A664 /* FlexChatBox */ = {
			isa = XCSwiftPackageProductDependency;
			productName = FlexChatBox;
		};
/* End XCSwiftPackageProductDependency section */
	};
	rootObject = DB3FF6F329D2FB93008F5838 /* Project object */;
}
